
Microsoft Visual Studio Solution File, Format Version 12.00
# Visual Studio Version 17
VisualStudioVersion = 17.4.33110.190
MinimumVisualStudioVersion = 10.0.40219.1
Project("{9A19103F-16F7-4668-BE54-9A1E7A4F7556}") = "UsersManagement.Api", "UsersManagement.Api.csproj", "{3BBFCF5F-B600-4D42-A5AE-65223A9B3174}"
EndProject
Project("{9A19103F-16F7-4668-BE54-9A1E7A4F7556}") = "UsersManagement.Domain", "..\UserManagement.Domain\UsersManagement.Domain.csproj", "{E2F4B230-12FC-4BB5-808A-4675F66E18B0}"
EndProject
Project("{9A19103F-16F7-4668-BE54-9A1E7A4F7556}") = "UsersManagement.Core", "..\UserManagement.Core\UsersManagement.Core.csproj", "{C2F6C99B-2B49-46FE-B2A3-D694EEF1166E}"
EndProject
Project("{9A19103F-16F7-4668-BE54-9A1E7A4F7556}") = "UsersManagement.Infrastructure", "..\UserManagement.Infrastructure\UsersManagement.Infrastructure.csproj", "{9CC54405-693A-4AF5-B1D3-169A7AD23F77}"
EndProject
Project("{9A19103F-16F7-4668-BE54-9A1E7A4F7556}") = "UsersManagement.Tests.Unit", "..\UserManagement.Tests.Unit\UsersManagement.Tests.Unit.csproj", "{307290A9-E21F-4A1B-B7B4-439889441A1C}"
EndProject
Global
	GlobalSection(SolutionConfigurationPlatforms) = preSolution
		Debug|Any CPU = Debug|Any CPU
		Release|Any CPU = Release|Any CPU
	EndGlobalSection
	GlobalSection(ProjectConfigurationPlatforms) = postSolution
		{3BBFCF5F-B600-4D42-A5AE-65223A9B3174}.Debug|Any CPU.ActiveCfg = Debug|Any CPU
		{3BBFCF5F-B600-4D42-A5AE-65223A9B3174}.Debug|Any CPU.Build.0 = Debug|Any CPU
		{3BBFCF5F-B600-4D42-A5AE-65223A9B3174}.Release|Any CPU.ActiveCfg = Release|Any CPU
		{3BBFCF5F-B600-4D42-A5AE-65223A9B3174}.Release|Any CPU.Build.0 = Release|Any CPU
		{E2F4B230-12FC-4BB5-808A-4675F66E18B0}.Debug|Any CPU.ActiveCfg = Debug|Any CPU
		{E2F4B230-12FC-4BB5-808A-4675F66E18B0}.Debug|Any CPU.Build.0 = Debug|Any CPU
		{E2F4B230-12FC-4BB5-808A-4675F66E18B0}.Release|Any CPU.ActiveCfg = Release|Any CPU
		{E2F4B230-12FC-4BB5-808A-4675F66E18B0}.Release|Any CPU.Build.0 = Release|Any CPU
		{C2F6C99B-2B49-46FE-B2A3-D694EEF1166E}.Debug|Any CPU.ActiveCfg = Debug|Any CPU
		{C2F6C99B-2B49-46FE-B2A3-D694EEF1166E}.Debug|Any CPU.Build.0 = Debug|Any CPU
		{C2F6C99B-2B49-46FE-B2A3-D694EEF1166E}.Release|Any CPU.ActiveCfg = Release|Any CPU
		{C2F6C99B-2B49-46FE-B2A3-D694EEF1166E}.Release|Any CPU.Build.0 = Release|Any CPU
		{9CC54405-693A-4AF5-B1D3-169A7AD23F77}.Debug|Any CPU.ActiveCfg = Debug|Any CPU
		{9CC54405-693A-4AF5-B1D3-169A7AD23F77}.Debug|Any CPU.Build.0 = Debug|Any CPU
		{9CC54405-693A-4AF5-B1D3-169A7AD23F77}.Release|Any CPU.ActiveCfg = Release|Any CPU
		{9CC54405-693A-4AF5-B1D3-169A7AD23F77}.Release|Any CPU.Build.0 = Release|Any CPU
		{307290A9-E21F-4A1B-B7B4-439889441A1C}.Debug|Any CPU.ActiveCfg = Debug|Any CPU
		{307290A9-E21F-4A1B-B7B4-439889441A1C}.Debug|Any CPU.Build.0 = Debug|Any CPU
		{307290A9-E21F-4A1B-B7B4-439889441A1C}.Release|Any CPU.ActiveCfg = Release|Any CPU
		{307290A9-E21F-4A1B-B7B4-439889441A1C}.Release|Any CPU.Build.0 = Release|Any CPU
	EndGlobalSection
	GlobalSection(SolutionProperties) = preSolution
		HideSolutionNode = FALSE
	EndGlobalSection
	GlobalSection(ExtensibilityGlobals) = postSolution
		SolutionGuid = {C5942E3D-FBA6-451A-88EC-DFAFA718DBC9}
	EndGlobalSection
EndGlobal
